// !$*UTF8*$!
{
	archiveVersion = 1;
	classes = {
	};
	objectVersion = 55;
	objects = {

/* Begin PBXBuildFile section */
		14070EB628D741D20058DFAC /* MapViewExtentions.swift in Sources */ = {isa = PBXBuildFile; fileRef = 14070EB528D741D20058DFAC /* MapViewExtentions.swift */; };
		14070EB828D742060058DFAC /* DataController.swift in Sources */ = {isa = PBXBuildFile; fileRef = 14070EB728D742060058DFAC /* DataController.swift */; };
		14070EBB28D745ED0058DFAC /* Pin.swift in Sources */ = {isa = PBXBuildFile; fileRef = 14070EBA28D745ED0058DFAC /* Pin.swift */; };
		14070EBD28D745F60058DFAC /* Photo.swift in Sources */ = {isa = PBXBuildFile; fileRef = 14070EBC28D745F60058DFAC /* Photo.swift */; };
		14070EC028D74A4E0058DFAC /* DataModel.swift in Sources */ = {isa = PBXBuildFile; fileRef = 14070EBF28D74A4E0058DFAC /* DataModel.swift */; };
		14070EC228D74AE40058DFAC /* FlickrResponse.swift in Sources */ = {isa = PBXBuildFile; fileRef = 14070EC128D74AE40058DFAC /* FlickrResponse.swift */; };
		14070EC428D74B290058DFAC /* FlickrClient.swift in Sources */ = {isa = PBXBuildFile; fileRef = 14070EC328D74B290058DFAC /* FlickrClient.swift */; };
		14070EC628D74BC80058DFAC /* MkCoordinateRegion.swift in Sources */ = {isa = PBXBuildFile; fileRef = 14070EC528D74BC80058DFAC /* MkCoordinateRegion.swift */; };
		14070EC828D74D420058DFAC /* PhotoViewController.swift in Sources */ = {isa = PBXBuildFile; fileRef = 14070EC728D74D420058DFAC /* PhotoViewController.swift */; };
		14070ECA28D74D720058DFAC /* PhotoCellViewController.swift in Sources */ = {isa = PBXBuildFile; fileRef = 14070EC928D74D720058DFAC /* PhotoCellViewController.swift */; };
		140AE60A28D563F0008C69DE /* Colors.xcassets in Resources */ = {isa = PBXBuildFile; fileRef = 140AE60928D563F0008C69DE /* Colors.xcassets */; };
		140AE60C28D56788008C69DE /* LoginViewController.swift in Sources */ = {isa = PBXBuildFile; fileRef = 140AE60B28D56788008C69DE /* LoginViewController.swift */; };
		140AE60E28D56805008C69DE /* RegisterViewController.swift in Sources */ = {isa = PBXBuildFile; fileRef = 140AE60D28D56805008C69DE /* RegisterViewController.swift */; };
		140AE61028D56967008C69DE /* MapViewController.swift in Sources */ = {isa = PBXBuildFile; fileRef = 140AE60F28D56967008C69DE /* MapViewController.swift */; };
		143C8FD628D16EB40035FFB9 /* GoogleService-Info.plist in Resources */ = {isa = PBXBuildFile; fileRef = 143C8FD528D16EB40035FFB9 /* GoogleService-Info.plist */; };
		1456C1E028CE489B00BDE878 /* AppDelegate.swift in Sources */ = {isa = PBXBuildFile; fileRef = 1456C1DF28CE489B00BDE878 /* AppDelegate.swift */; };
		1456C1E228CE489B00BDE878 /* SceneDelegate.swift in Sources */ = {isa = PBXBuildFile; fileRef = 1456C1E128CE489B00BDE878 /* SceneDelegate.swift */; };
		1456C1E428CE489B00BDE878 /* ViewController.swift in Sources */ = {isa = PBXBuildFile; fileRef = 1456C1E328CE489B00BDE878 /* ViewController.swift */; };
		1456C1E728CE489B00BDE878 /* Main.storyboard in Resources */ = {isa = PBXBuildFile; fileRef = 1456C1E528CE489B00BDE878 /* Main.storyboard */; };
		1456C1EA28CE489B00BDE878 /* daval_tourinst_app.xcdatamodeld in Sources */ = {isa = PBXBuildFile; fileRef = 1456C1E828CE489B00BDE878 /* daval_tourinst_app.xcdatamodeld */; };
		1456C1EC28CE489D00BDE878 /* Assets.xcassets in Resources */ = {isa = PBXBuildFile; fileRef = 1456C1EB28CE489D00BDE878 /* Assets.xcassets */; };
		1456C1EF28CE489D00BDE878 /* LaunchScreen.storyboard in Resources */ = {isa = PBXBuildFile; fileRef = 1456C1ED28CE489D00BDE878 /* LaunchScreen.storyboard */; };
		905962FCAAC9A7CA23818513 /* Pods_daval_tourinst_app.framework in Frameworks */ = {isa = PBXBuildFile; fileRef = D75F21FE9B0223D3B3A477EC /* Pods_daval_tourinst_app.framework */; };
/* End PBXBuildFile section */

/* Begin PBXFileReference section */
		14070EB528D741D20058DFAC /* MapViewExtentions.swift */ = {isa = PBXFileReference; lastKnownFileType = sourcecode.swift; path = MapViewExtentions.swift; sourceTree = "<group>"; };
		14070EB728D742060058DFAC /* DataController.swift */ = {isa = PBXFileReference; lastKnownFileType = sourcecode.swift; path = DataController.swift; sourceTree = "<group>"; };
		14070EBA28D745ED0058DFAC /* Pin.swift */ = {isa = PBXFileReference; lastKnownFileType = sourcecode.swift; path = Pin.swift; sourceTree = "<group>"; };
		14070EBC28D745F60058DFAC /* Photo.swift */ = {isa = PBXFileReference; lastKnownFileType = sourcecode.swift; path = Photo.swift; sourceTree = "<group>"; };
		14070EBF28D74A4E0058DFAC /* DataModel.swift */ = {isa = PBXFileReference; lastKnownFileType = sourcecode.swift; path = DataModel.swift; sourceTree = "<group>"; };
		14070EC128D74AE40058DFAC /* FlickrResponse.swift */ = {isa = PBXFileReference; lastKnownFileType = sourcecode.swift; path = FlickrResponse.swift; sourceTree = "<group>"; };
		14070EC328D74B290058DFAC /* FlickrClient.swift */ = {isa = PBXFileReference; lastKnownFileType = sourcecode.swift; path = FlickrClient.swift; sourceTree = "<group>"; };
		14070EC528D74BC80058DFAC /* MkCoordinateRegion.swift */ = {isa = PBXFileReference; lastKnownFileType = sourcecode.swift; path = MkCoordinateRegion.swift; sourceTree = "<group>"; };
		14070EC728D74D420058DFAC /* PhotoViewController.swift */ = {isa = PBXFileReference; lastKnownFileType = sourcecode.swift; path = PhotoViewController.swift; sourceTree = "<group>"; };
		14070EC928D74D720058DFAC /* PhotoCellViewController.swift */ = {isa = PBXFileReference; lastKnownFileType = sourcecode.swift; path = PhotoCellViewController.swift; sourceTree = "<group>"; };
		140AE60928D563F0008C69DE /* Colors.xcassets */ = {isa = PBXFileReference; lastKnownFileType = folder.assetcatalog; path = Colors.xcassets; sourceTree = "<group>"; };
		140AE60B28D56788008C69DE /* LoginViewController.swift */ = {isa = PBXFileReference; lastKnownFileType = sourcecode.swift; path = LoginViewController.swift; sourceTree = "<group>"; };
		140AE60D28D56805008C69DE /* RegisterViewController.swift */ = {isa = PBXFileReference; lastKnownFileType = sourcecode.swift; path = RegisterViewController.swift; sourceTree = "<group>"; };
		140AE60F28D56967008C69DE /* MapViewController.swift */ = {isa = PBXFileReference; lastKnownFileType = sourcecode.swift; path = MapViewController.swift; sourceTree = "<group>"; };
		143C8FD528D16EB40035FFB9 /* GoogleService-Info.plist */ = {isa = PBXFileReference; fileEncoding = 4; lastKnownFileType = text.plist.xml; path = "GoogleService-Info.plist"; sourceTree = "<group>"; };
		1456C1DC28CE489B00BDE878 /* daval_tourinst_app.app */ = {isa = PBXFileReference; explicitFileType = wrapper.application; includeInIndex = 0; path = daval_tourinst_app.app; sourceTree = BUILT_PRODUCTS_DIR; };
		1456C1DF28CE489B00BDE878 /* AppDelegate.swift */ = {isa = PBXFileReference; lastKnownFileType = sourcecode.swift; path = AppDelegate.swift; sourceTree = "<group>"; };
		1456C1E128CE489B00BDE878 /* SceneDelegate.swift */ = {isa = PBXFileReference; lastKnownFileType = sourcecode.swift; path = SceneDelegate.swift; sourceTree = "<group>"; };
		1456C1E328CE489B00BDE878 /* ViewController.swift */ = {isa = PBXFileReference; lastKnownFileType = sourcecode.swift; path = ViewController.swift; sourceTree = "<group>"; };
		1456C1E628CE489B00BDE878 /* Base */ = {isa = PBXFileReference; lastKnownFileType = file.storyboard; name = Base; path = Base.lproj/Main.storyboard; sourceTree = "<group>"; };
		1456C1E928CE489B00BDE878 /* daval_tourinst_app.xcdatamodel */ = {isa = PBXFileReference; lastKnownFileType = wrapper.xcdatamodel; path = daval_tourinst_app.xcdatamodel; sourceTree = "<group>"; };
		1456C1EB28CE489D00BDE878 /* Assets.xcassets */ = {isa = PBXFileReference; lastKnownFileType = folder.assetcatalog; path = Assets.xcassets; sourceTree = "<group>"; };
		1456C1EE28CE489D00BDE878 /* Base */ = {isa = PBXFileReference; lastKnownFileType = file.storyboard; name = Base; path = Base.lproj/LaunchScreen.storyboard; sourceTree = "<group>"; };
		1456C1F028CE489D00BDE878 /* Info.plist */ = {isa = PBXFileReference; lastKnownFileType = text.plist.xml; path = Info.plist; sourceTree = "<group>"; };
		9C66A98A855EED0831CA185D /* Pods-daval_tourinst_app.release.xcconfig */ = {isa = PBXFileReference; includeInIndex = 1; lastKnownFileType = text.xcconfig; name = "Pods-daval_tourinst_app.release.xcconfig"; path = "Target Support Files/Pods-daval_tourinst_app/Pods-daval_tourinst_app.release.xcconfig"; sourceTree = "<group>"; };
		D75F21FE9B0223D3B3A477EC /* Pods_daval_tourinst_app.framework */ = {isa = PBXFileReference; explicitFileType = wrapper.framework; includeInIndex = 0; path = Pods_daval_tourinst_app.framework; sourceTree = BUILT_PRODUCTS_DIR; };
		E5E82D679749C4A077585C8E /* Pods-daval_tourinst_app.debug.xcconfig */ = {isa = PBXFileReference; includeInIndex = 1; lastKnownFileType = text.xcconfig; name = "Pods-daval_tourinst_app.debug.xcconfig"; path = "Target Support Files/Pods-daval_tourinst_app/Pods-daval_tourinst_app.debug.xcconfig"; sourceTree = "<group>"; };
/* End PBXFileReference section */

/* Begin PBXFrameworksBuildPhase section */
		1456C1D928CE489B00BDE878 /* Frameworks */ = {
			isa = PBXFrameworksBuildPhase;
			buildActionMask = 2147483647;
			files = (
				905962FCAAC9A7CA23818513 /* Pods_daval_tourinst_app.framework in Frameworks */,
			);
			runOnlyForDeploymentPostprocessing = 0;
		};
/* End PBXFrameworksBuildPhase section */

/* Begin PBXGroup section */
		14070EB928D745DA0058DFAC /* CoreDataClasses */ = {
			isa = PBXGroup;
			children = (
				14070EBA28D745ED0058DFAC /* Pin.swift */,
				14070EBC28D745F60058DFAC /* Photo.swift */,
			);
			path = CoreDataClasses;
			sourceTree = "<group>";
		};
		14070EBE28D74A3E0058DFAC /* FlickrResponse */ = {
			isa = PBXGroup;
			children = (
				14070EBF28D74A4E0058DFAC /* DataModel.swift */,
				14070EC128D74AE40058DFAC /* FlickrResponse.swift */,
				14070EC328D74B290058DFAC /* FlickrClient.swift */,
				14070EC528D74BC80058DFAC /* MkCoordinateRegion.swift */,
			);
			path = FlickrResponse;
			sourceTree = "<group>";
		};
		140AE60628D56385008C69DE /* Model */ = {
			isa = PBXGroup;
			children = (
				14070EBE28D74A3E0058DFAC /* FlickrResponse */,
				14070EB928D745DA0058DFAC /* CoreDataClasses */,
				1456C1E828CE489B00BDE878 /* daval_tourinst_app.xcdatamodeld */,
				14070EB728D742060058DFAC /* DataController.swift */,
			);
			path = Model;
			sourceTree = "<group>";
		};
		140AE60728D56393008C69DE /* View */ = {
			isa = PBXGroup;
			children = (
				1456C1ED28CE489D00BDE878 /* LaunchScreen.storyboard */,
				1456C1E528CE489B00BDE878 /* Main.storyboard */,
				1456C1EB28CE489D00BDE878 /* Assets.xcassets */,
				140AE60928D563F0008C69DE /* Colors.xcassets */,
				14070EB528D741D20058DFAC /* MapViewExtentions.swift */,
			);
			path = View;
			sourceTree = "<group>";
		};
		140AE60828D5639B008C69DE /* Controller */ = {
			isa = PBXGroup;
			children = (
				1456C1E328CE489B00BDE878 /* ViewController.swift */,
				140AE60B28D56788008C69DE /* LoginViewController.swift */,
				140AE60D28D56805008C69DE /* RegisterViewController.swift */,
				140AE60F28D56967008C69DE /* MapViewController.swift */,
				14070EC728D74D420058DFAC /* PhotoViewController.swift */,
				14070EC928D74D720058DFAC /* PhotoCellViewController.swift */,
			);
			path = Controller;
			sourceTree = "<group>";
		};
		1456C1D328CE489B00BDE878 = {
			isa = PBXGroup;
			children = (
				1456C1DE28CE489B00BDE878 /* daval_tourinst_app */,
				1456C1DD28CE489B00BDE878 /* Products */,
				2401B1F3D385EED640BC7F52 /* Pods */,
				E735B5D6B3E2094BDA1342D0 /* Frameworks */,
			);
			sourceTree = "<group>";
		};
		1456C1DD28CE489B00BDE878 /* Products */ = {
			isa = PBXGroup;
			children = (
				1456C1DC28CE489B00BDE878 /* daval_tourinst_app.app */,
			);
			name = Products;
			sourceTree = "<group>";
		};
		1456C1DE28CE489B00BDE878 /* daval_tourinst_app */ = {
			isa = PBXGroup;
			children = (
				1456C1DF28CE489B00BDE878 /* AppDelegate.swift */,
				1456C1E128CE489B00BDE878 /* SceneDelegate.swift */,
				143C8FD528D16EB40035FFB9 /* GoogleService-Info.plist */,
				1456C1F028CE489D00BDE878 /* Info.plist */,
				140AE60828D5639B008C69DE /* Controller */,
				140AE60728D56393008C69DE /* View */,
				140AE60628D56385008C69DE /* Model */,
			);
			path = daval_tourinst_app;
			sourceTree = "<group>";
		};
		2401B1F3D385EED640BC7F52 /* Pods */ = {
			isa = PBXGroup;
			children = (
				E5E82D679749C4A077585C8E /* Pods-daval_tourinst_app.debug.xcconfig */,
				9C66A98A855EED0831CA185D /* Pods-daval_tourinst_app.release.xcconfig */,
			);
			path = Pods;
			sourceTree = "<group>";
		};
		E735B5D6B3E2094BDA1342D0 /* Frameworks */ = {
			isa = PBXGroup;
			children = (
				D75F21FE9B0223D3B3A477EC /* Pods_daval_tourinst_app.framework */,
			);
			name = Frameworks;
			sourceTree = "<group>";
		};
/* End PBXGroup section */

/* Begin PBXNativeTarget section */
		1456C1DB28CE489B00BDE878 /* daval_tourinst_app */ = {
			isa = PBXNativeTarget;
			buildConfigurationList = 1456C1F328CE489D00BDE878 /* Build configuration list for PBXNativeTarget "daval_tourinst_app" */;
			buildPhases = (
				44A551FE4EB80E8D8D8427D1 /* [CP] Check Pods Manifest.lock */,
				1456C1D828CE489B00BDE878 /* Sources */,
				1456C1D928CE489B00BDE878 /* Frameworks */,
				1456C1DA28CE489B00BDE878 /* Resources */,
				60836B72A0E6744B424FADF4 /* [CP] Embed Pods Frameworks */,
			);
			buildRules = (
			);
			dependencies = (
			);
			name = daval_tourinst_app;
			productName = daval_tourinst_app;
			productReference = 1456C1DC28CE489B00BDE878 /* daval_tourinst_app.app */;
			productType = "com.apple.product-type.application";
		};
/* End PBXNativeTarget section */

/* Begin PBXProject section */
		1456C1D428CE489B00BDE878 /* Project object */ = {
			isa = PBXProject;
			attributes = {
				BuildIndependentTargetsInParallel = 1;
				LastSwiftUpdateCheck = 1340;
				LastUpgradeCheck = 1340;
				TargetAttributes = {
					1456C1DB28CE489B00BDE878 = {
						CreatedOnToolsVersion = 13.4.1;
					};
				};
			};
			buildConfigurationList = 1456C1D728CE489B00BDE878 /* Build configuration list for PBXProject "daval_tourinst_app" */;
			compatibilityVersion = "Xcode 13.0";
			developmentRegion = en;
			hasScannedForEncodings = 0;
			knownRegions = (
				en,
				Base,
			);
			mainGroup = 1456C1D328CE489B00BDE878;
			productRefGroup = 1456C1DD28CE489B00BDE878 /* Products */;
			projectDirPath = "";
			projectRoot = "";
			targets = (
				1456C1DB28CE489B00BDE878 /* daval_tourinst_app */,
			);
		};
/* End PBXProject section */

/* Begin PBXResourcesBuildPhase section */
		1456C1DA28CE489B00BDE878 /* Resources */ = {
			isa = PBXResourcesBuildPhase;
			buildActionMask = 2147483647;
			files = (
				140AE60A28D563F0008C69DE /* Colors.xcassets in Resources */,
				1456C1EF28CE489D00BDE878 /* LaunchScreen.storyboard in Resources */,
				143C8FD628D16EB40035FFB9 /* GoogleService-Info.plist in Resources */,
				1456C1EC28CE489D00BDE878 /* Assets.xcassets in Resources */,
				1456C1E728CE489B00BDE878 /* Main.storyboard in Resources */,
			);
			runOnlyForDeploymentPostprocessing = 0;
		};
/* End PBXResourcesBuildPhase section */

/* Begin PBXShellScriptBuildPhase section */
		44A551FE4EB80E8D8D8427D1 /* [CP] Check Pods Manifest.lock */ = {
			isa = PBXShellScriptBuildPhase;
			buildActionMask = 2147483647;
			files = (
			);
			inputFileListPaths = (
			);
			inputPaths = (
				"${PODS_PODFILE_DIR_PATH}/Podfile.lock",
				"${PODS_ROOT}/Manifest.lock",
			);
			name = "[CP] Check Pods Manifest.lock";
			outputFileListPaths = (
			);
			outputPaths = (
				"$(DERIVED_FILE_DIR)/Pods-daval_tourinst_app-checkManifestLockResult.txt",
			);
			runOnlyForDeploymentPostprocessing = 0;
			shellPath = /bin/sh;
			shellScript = "diff \"${PODS_PODFILE_DIR_PATH}/Podfile.lock\" \"${PODS_ROOT}/Manifest.lock\" > /dev/null\nif [ $? != 0 ] ; then\n    # print error to STDERR\n    echo \"error: The sandbox is not in sync with the Podfile.lock. Run 'pod install' or update your CocoaPods installation.\" >&2\n    exit 1\nfi\n# This output is used by Xcode 'outputs' to avoid re-running this script phase.\necho \"SUCCESS\" > \"${SCRIPT_OUTPUT_FILE_0}\"\n";
			showEnvVarsInLog = 0;
		};
		60836B72A0E6744B424FADF4 /* [CP] Embed Pods Frameworks */ = {
			isa = PBXShellScriptBuildPhase;
			buildActionMask = 2147483647;
			files = (
			);
			inputFileListPaths = (
				"${PODS_ROOT}/Target Support Files/Pods-daval_tourinst_app/Pods-daval_tourinst_app-frameworks-${CONFIGURATION}-input-files.xcfilelist",
			);
			name = "[CP] Embed Pods Frameworks";
			outputFileListPaths = (
				"${PODS_ROOT}/Target Support Files/Pods-daval_tourinst_app/Pods-daval_tourinst_app-frameworks-${CONFIGURATION}-output-files.xcfilelist",
			);
			runOnlyForDeploymentPostprocessing = 0;
			shellPath = /bin/sh;
			shellScript = "\"${PODS_ROOT}/Target Support Files/Pods-daval_tourinst_app/Pods-daval_tourinst_app-frameworks.sh\"\n";
			showEnvVarsInLog = 0;
		};
/* End PBXShellScriptBuildPhase section */

/* Begin PBXSourcesBuildPhase section */
		1456C1D828CE489B00BDE878 /* Sources */ = {
			isa = PBXSourcesBuildPhase;
			buildActionMask = 2147483647;
			files = (
				1456C1E428CE489B00BDE878 /* ViewController.swift in Sources */,
				14070EC628D74BC80058DFAC /* MkCoordinateRegion.swift in Sources */,
				1456C1E028CE489B00BDE878 /* AppDelegate.swift in Sources */,
				1456C1EA28CE489B00BDE878 /* daval_tourinst_app.xcdatamodeld in Sources */,
				140AE60E28D56805008C69DE /* RegisterViewController.swift in Sources */,
				14070EB828D742060058DFAC /* DataController.swift in Sources */,
				14070EC028D74A4E0058DFAC /* DataModel.swift in Sources */,
				14070EBB28D745ED0058DFAC /* Pin.swift in Sources */,
				14070EB628D741D20058DFAC /* MapViewExtentions.swift in Sources */,
				14070EC228D74AE40058DFAC /* FlickrResponse.swift in Sources */,
				14070ECA28D74D720058DFAC /* PhotoCellViewController.swift in Sources */,
				14070EC428D74B290058DFAC /* FlickrClient.swift in Sources */,
				14070EBD28D745F60058DFAC /* Photo.swift in Sources */,
				140AE60C28D56788008C69DE /* LoginViewController.swift in Sources */,
				14070EC828D74D420058DFAC /* PhotoViewController.swift in Sources */,
				1456C1E228CE489B00BDE878 /* SceneDelegate.swift in Sources */,
				140AE61028D56967008C69DE /* MapViewController.swift in Sources */,
			);
			runOnlyForDeploymentPostprocessing = 0;
		};
/* End PBXSourcesBuildPhase section */

/* Begin PBXVariantGroup section */
		1456C1E528CE489B00BDE878 /* Main.storyboard */ = {
			isa = PBXVariantGroup;
			children = (
				1456C1E628CE489B00BDE878 /* Base */,
			);
			name = Main.storyboard;
			sourceTree = "<group>";
		};
		1456C1ED28CE489D00BDE878 /* LaunchScreen.storyboard */ = {
			isa = PBXVariantGroup;
			children = (
				1456C1EE28CE489D00BDE878 /* Base */,
			);
			name = LaunchScreen.storyboard;
			sourceTree = "<group>";
		};
/* End PBXVariantGroup section */

/* Begin XCBuildConfiguration section */
		1456C1F128CE489D00BDE878 /* Debug */ = {
			isa = XCBuildConfiguration;
			buildSettings = {
				ALWAYS_SEARCH_USER_PATHS = NO;
				CLANG_ANALYZER_NONNULL = YES;
				CLANG_ANALYZER_NUMBER_OBJECT_CONVERSION = YES_AGGRESSIVE;
				CLANG_CXX_LANGUAGE_STANDARD = "gnu++17";
				CLANG_ENABLE_MODULES = YES;
				CLANG_ENABLE_OBJC_ARC = YES;
				CLANG_ENABLE_OBJC_WEAK = YES;
				CLANG_WARN_BLOCK_CAPTURE_AUTORELEASING = YES;
				CLANG_WARN_BOOL_CONVERSION = YES;
				CLANG_WARN_COMMA = YES;
				CLANG_WARN_CONSTANT_CONVERSION = YES;
				CLANG_WARN_DEPRECATED_OBJC_IMPLEMENTATIONS = YES;
				CLANG_WARN_DIRECT_OBJC_ISA_USAGE = YES_ERROR;
				CLANG_WARN_DOCUMENTATION_COMMENTS = YES;
				CLANG_WARN_EMPTY_BODY = YES;
				CLANG_WARN_ENUM_CONVERSION = YES;
				CLANG_WARN_INFINITE_RECURSION = YES;
				CLANG_WARN_INT_CONVERSION = YES;
				CLANG_WARN_NON_LITERAL_NULL_CONVERSION = YES;
				CLANG_WARN_OBJC_IMPLICIT_RETAIN_SELF = YES;
				CLANG_WARN_OBJC_LITERAL_CONVERSION = YES;
				CLANG_WARN_OBJC_ROOT_CLASS = YES_ERROR;
				CLANG_WARN_QUOTED_INCLUDE_IN_FRAMEWORK_HEADER = YES;
				CLANG_WARN_RANGE_LOOP_ANALYSIS = YES;
				CLANG_WARN_STRICT_PROTOTYPES = YES;
				CLANG_WARN_SUSPICIOUS_MOVE = YES;
				CLANG_WARN_UNGUARDED_AVAILABILITY = YES_AGGRESSIVE;
				CLANG_WARN_UNREACHABLE_CODE = YES;
				CLANG_WARN__DUPLICATE_METHOD_MATCH = YES;
				COPY_PHASE_STRIP = NO;
				DEBUG_INFORMATION_FORMAT = dwarf;
				ENABLE_STRICT_OBJC_MSGSEND = YES;
				ENABLE_TESTABILITY = YES;
				GCC_C_LANGUAGE_STANDARD = gnu11;
				GCC_DYNAMIC_NO_PIC = NO;
				GCC_NO_COMMON_BLOCKS = YES;
				GCC_OPTIMIZATION_LEVEL = 0;
				GCC_PREPROCESSOR_DEFINITIONS = (
					"DEBUG=1",
					"$(inherited)",
				);
				GCC_WARN_64_TO_32_BIT_CONVERSION = YES;
				GCC_WARN_ABOUT_RETURN_TYPE = YES_ERROR;
				GCC_WARN_UNDECLARED_SELECTOR = YES;
				GCC_WARN_UNINITIALIZED_AUTOS = YES_AGGRESSIVE;
				GCC_WARN_UNUSED_FUNCTION = YES;
				GCC_WARN_UNUSED_VARIABLE = YES;
				IPHONEOS_DEPLOYMENT_TARGET = 15.5;
				MTL_ENABLE_DEBUG_INFO = INCLUDE_SOURCE;
				MTL_FAST_MATH = YES;
				ONLY_ACTIVE_ARCH = YES;
				SDKROOT = iphoneos;
				SWIFT_ACTIVE_COMPILATION_CONDITIONS = DEBUG;
				SWIFT_OPTIMIZATION_LEVEL = "-Onone";
			};
			name = Debug;
		};
		1456C1F228CE489D00BDE878 /* Release */ = {
			isa = XCBuildConfiguration;
			buildSettings = {
				ALWAYS_SEARCH_USER_PATHS = NO;
				CLANG_ANALYZER_NONNULL = YES;
				CLANG_ANALYZER_NUMBER_OBJECT_CONVERSION = YES_AGGRESSIVE;
				CLANG_CXX_LANGUAGE_STANDARD = "gnu++17";
				CLANG_ENABLE_MODULES = YES;
				CLANG_ENABLE_OBJC_ARC = YES;
				CLANG_ENABLE_OBJC_WEAK = YES;
				CLANG_WARN_BLOCK_CAPTURE_AUTORELEASING = YES;
				CLANG_WARN_BOOL_CONVERSION = YES;
				CLANG_WARN_COMMA = YES;
				CLANG_WARN_CONSTANT_CONVERSION = YES;
				CLANG_WARN_DEPRECATED_OBJC_IMPLEMENTATIONS = YES;
				CLANG_WARN_DIRECT_OBJC_ISA_USAGE = YES_ERROR;
				CLANG_WARN_DOCUMENTATION_COMMENTS = YES;
				CLANG_WARN_EMPTY_BODY = YES;
				CLANG_WARN_ENUM_CONVERSION = YES;
				CLANG_WARN_INFINITE_RECURSION = YES;
				CLANG_WARN_INT_CONVERSION = YES;
				CLANG_WARN_NON_LITERAL_NULL_CONVERSION = YES;
				CLANG_WARN_OBJC_IMPLICIT_RETAIN_SELF = YES;
				CLANG_WARN_OBJC_LITERAL_CONVERSION = YES;
				CLANG_WARN_OBJC_ROOT_CLASS = YES_ERROR;
				CLANG_WARN_QUOTED_INCLUDE_IN_FRAMEWORK_HEADER = YES;
				CLANG_WARN_RANGE_LOOP_ANALYSIS = YES;
				CLANG_WARN_STRICT_PROTOTYPES = YES;
				CLANG_WARN_SUSPICIOUS_MOVE = YES;
				CLANG_WARN_UNGUARDED_AVAILABILITY = YES_AGGRESSIVE;
				CLANG_WARN_UNREACHABLE_CODE = YES;
				CLANG_WARN__DUPLICATE_METHOD_MATCH = YES;
				COPY_PHASE_STRIP = NO;
				DEBUG_INFORMATION_FORMAT = "dwarf-with-dsym";
				ENABLE_NS_ASSERTIONS = NO;
				ENABLE_STRICT_OBJC_MSGSEND = YES;
				GCC_C_LANGUAGE_STANDARD = gnu11;
				GCC_NO_COMMON_BLOCKS = YES;
				GCC_WARN_64_TO_32_BIT_CONVERSION = YES;
				GCC_WARN_ABOUT_RETURN_TYPE = YES_ERROR;
				GCC_WARN_UNDECLARED_SELECTOR = YES;
				GCC_WARN_UNINITIALIZED_AUTOS = YES_AGGRESSIVE;
				GCC_WARN_UNUSED_FUNCTION = YES;
				GCC_WARN_UNUSED_VARIABLE = YES;
				IPHONEOS_DEPLOYMENT_TARGET = 15.5;
				MTL_ENABLE_DEBUG_INFO = NO;
				MTL_FAST_MATH = YES;
				SDKROOT = iphoneos;
				SWIFT_COMPILATION_MODE = wholemodule;
				SWIFT_OPTIMIZATION_LEVEL = "-O";
				VALIDATE_PRODUCT = YES;
			};
			name = Release;
		};
		1456C1F428CE489D00BDE878 /* Debug */ = {
			isa = XCBuildConfiguration;
			baseConfigurationReference = E5E82D679749C4A077585C8E /* Pods-daval_tourinst_app.debug.xcconfig */;
			buildSettings = {
				ASSETCATALOG_COMPILER_APPICON_NAME = AppIcon;
				ASSETCATALOG_COMPILER_GLOBAL_ACCENT_COLOR_NAME = AccentColor;
				CODE_SIGN_STYLE = Automatic;
				CURRENT_PROJECT_VERSION = 1;
				DEVELOPMENT_TEAM = ADBN78736P;
				GENERATE_INFOPLIST_FILE = YES;
				INFOPLIST_FILE = daval_tourinst_app/Info.plist;
				INFOPLIST_KEY_UIApplicationSupportsIndirectInputEvents = YES;
				INFOPLIST_KEY_UILaunchStoryboardName = LaunchScreen;
				INFOPLIST_KEY_UIMainStoryboardFile = Main;
				INFOPLIST_KEY_UISupportedInterfaceOrientations_iPad = "UIInterfaceOrientationPortrait UIInterfaceOrientationPortraitUpsideDown UIInterfaceOrientationLandscapeLeft UIInterfaceOrientationLandscapeRight";
				INFOPLIST_KEY_UISupportedInterfaceOrientations_iPhone = "UIInterfaceOrientationPortrait UIInterfaceOrientationLandscapeLeft UIInterfaceOrientationLandscapeRight";
				LD_RUNPATH_SEARCH_PATHS = (
					"$(inherited)",
					"@executable_path/Frameworks",
				);
				MARKETING_VERSION = 1.0;
				PRODUCT_BUNDLE_IDENTIFIER = "com.dfvalenciav.daval-tourinst-app";
				PRODUCT_NAME = "$(TARGET_NAME)";
				SWIFT_EMIT_LOC_STRINGS = YES;
				SWIFT_VERSION = 5.0;
				TARGETED_DEVICE_FAMILY = "1,2";
			};
			name = Debug;
		};
		1456C1F528CE489D00BDE878 /* Release */ = {
			isa = XCBuildConfiguration;
			baseConfigurationReference = 9C66A98A855EED0831CA185D /* Pods-daval_tourinst_app.release.xcconfig */;
			buildSettings = {
				ASSETCATALOG_COMPILER_APPICON_NAME = AppIcon;
				ASSETCATALOG_COMPILER_GLOBAL_ACCENT_COLOR_NAME = AccentColor;
				CODE_SIGN_STYLE = Automatic;
				CURRENT_PROJECT_VERSION = 1;
				DEVELOPMENT_TEAM = ADBN78736P;
				GENERATE_INFOPLIST_FILE = YES;
				INFOPLIST_FILE = daval_tourinst_app/Info.plist;
				INFOPLIST_KEY_UIApplicationSupportsIndirectInputEvents = YES;
				INFOPLIST_KEY_UILaunchStoryboardName = LaunchScreen;
				INFOPLIST_KEY_UIMainStoryboardFile = Main;
				INFOPLIST_KEY_UISupportedInterfaceOrientations_iPad = "UIInterfaceOrientationPortrait UIInterfaceOrientationPortraitUpsideDown UIInterfaceOrientationLandscapeLeft UIInterfaceOrientationLandscapeRight";
				INFOPLIST_KEY_UISupportedInterfaceOrientations_iPhone = "UIInterfaceOrientationPortrait UIInterfaceOrientationLandscapeLeft UIInterfaceOrientationLandscapeRight";
				LD_RUNPATH_SEARCH_PATHS = (
					"$(inherited)",
					"@executable_path/Frameworks",
				);
				MARKETING_VERSION = 1.0;
				PRODUCT_BUNDLE_IDENTIFIER = "com.dfvalenciav.daval-tourinst-app";
				PRODUCT_NAME = "$(TARGET_NAME)";
				SWIFT_EMIT_LOC_STRINGS = YES;
				SWIFT_VERSION = 5.0;
				TARGETED_DEVICE_FAMILY = "1,2";
			};
			name = Release;
		};
/* End XCBuildConfiguration section */

/* Begin XCConfigurationList section */
		1456C1D728CE489B00BDE878 /* Build configuration list for PBXProject "daval_tourinst_app" */ = {
			isa = XCConfigurationList;
			buildConfigurations = (
				1456C1F128CE489D00BDE878 /* Debug */,
				1456C1F228CE489D00BDE878 /* Release */,
			);
			defaultConfigurationIsVisible = 0;
			defaultConfigurationName = Release;
		};
		1456C1F328CE489D00BDE878 /* Build configuration list for PBXNativeTarget "daval_tourinst_app" */ = {
			isa = XCConfigurationList;
			buildConfigurations = (
				1456C1F428CE489D00BDE878 /* Debug */,
				1456C1F528CE489D00BDE878 /* Release */,
			);
			defaultConfigurationIsVisible = 0;
			defaultConfigurationName = Release;
		};
/* End XCConfigurationList section */

/* Begin XCVersionGroup section */
		1456C1E828CE489B00BDE878 /* daval_tourinst_app.xcdatamodeld */ = {
			isa = XCVersionGroup;
			children = (
				1456C1E928CE489B00BDE878 /* daval_tourinst_app.xcdatamodel */,
			);
			currentVersion = 1456C1E928CE489B00BDE878 /* daval_tourinst_app.xcdatamodel */;
			path = daval_tourinst_app.xcdatamodeld;
			sourceTree = "<group>";
			versionGroupType = wrapper.xcdatamodel;
		};
/* End XCVersionGroup section */
	};
	rootObject = 1456C1D428CE489B00BDE878 /* Project object */;
}
